
Microsoft Visual Studio Solution File, Format Version 12.00
# Visual Studio Version 17
VisualStudioVersion = 17.9.34902.65
MinimumVisualStudioVersion = 10.0.40219.1
Project("{9A19103F-16F7-4668-BE54-9A1E7A4F7556}") = "HSoft.JSRuntimeBase", "HSoft.JSRuntimeBase\HSoft.JSRuntimeBase.csproj", "{A6902F50-2C04-4919-B6FB-987342CB4B42}"
EndProject
Project("{FAE04EC0-301F-11D3-BF4B-00C04F79EFBC}") = "HSoft.JSInteropForNetFramework", "HSoft.JSInteropForNetFramework\HSoft.JSInteropForNetFramework.csproj", "{29EB5D69-B80E-4C25-B647-88867B76EC2E}"
EndProject
Project("{FAE04EC0-301F-11D3-BF4B-00C04F79EFBC}") = "HSoft.WebView.NetFramework.WPF", "HSoft.WebView.NetFramework.WPF\HSoft.WebView.NetFramework.WPF.csproj", "{D5174FA8-58FC-4206-898C-13F9417D23E9}"
EndProject
Project("{2150E333-8FDC-42A3-9474-1A3956D46DE8}") = "Samples", "Samples", "{171B86CB-69A6-44E0-983B-E552A2A618B2}"
EndProject
Project("{FAE04EC0-301F-11D3-BF4B-00C04F79EFBC}") = "WpfNetFrameWork", "WpfNetFrameWork\WpfNetFrameWork.csproj", "{50235E2C-EC82-4DF3-97AA-E609C00F2A50}"
EndProject
Global
	GlobalSection(SolutionConfigurationPlatforms) = preSolution
		Debug|Any CPU = Debug|Any CPU
		Release|Any CPU = Release|Any CPU
	EndGlobalSection
	GlobalSection(ProjectConfigurationPlatforms) = postSolution
		{A6902F50-2C04-4919-B6FB-987342CB4B42}.Debug|Any CPU.ActiveCfg = Debug|Any CPU
		{A6902F50-2C04-4919-B6FB-987342CB4B42}.Debug|Any CPU.Build.0 = Debug|Any CPU
		{A6902F50-2C04-4919-B6FB-987342CB4B42}.Release|Any CPU.ActiveCfg = Release|Any CPU
		{A6902F50-2C04-4919-B6FB-987342CB4B42}.Release|Any CPU.Build.0 = Release|Any CPU
		{29EB5D69-B80E-4C25-B647-88867B76EC2E}.Debug|Any CPU.ActiveCfg = Debug|Any CPU
		{29EB5D69-B80E-4C25-B647-88867B76EC2E}.Debug|Any CPU.Build.0 = Debug|Any CPU
		{29EB5D69-B80E-4C25-B647-88867B76EC2E}.Release|Any CPU.ActiveCfg = Release|Any CPU
		{29EB5D69-B80E-4C25-B647-88867B76EC2E}.Release|Any CPU.Build.0 = Release|Any CPU
		{D5174FA8-58FC-4206-898C-13F9417D23E9}.Debug|Any CPU.ActiveCfg = Debug|Any CPU
		{D5174FA8-58FC-4206-898C-13F9417D23E9}.Debug|Any CPU.Build.0 = Debug|Any CPU
		{D5174FA8-58FC-4206-898C-13F9417D23E9}.Release|Any CPU.ActiveCfg = Release|Any CPU
		{D5174FA8-58FC-4206-898C-13F9417D23E9}.Release|Any CPU.Build.0 = Release|Any CPU
		{50235E2C-EC82-4DF3-97AA-E609C00F2A50}.Debug|Any CPU.ActiveCfg = Debug|Any CPU
		{50235E2C-EC82-4DF3-97AA-E609C00F2A50}.Debug|Any CPU.Build.0 = Debug|Any CPU
		{50235E2C-EC82-4DF3-97AA-E609C00F2A50}.Release|Any CPU.ActiveCfg = Release|Any CPU
		{50235E2C-EC82-4DF3-97AA-E609C00F2A50}.Release|Any CPU.Build.0 = Release|Any CPU
	EndGlobalSection
	GlobalSection(SolutionProperties) = preSolution
		HideSolutionNode = FALSE
	EndGlobalSection
	GlobalSection(NestedProjects) = preSolution
		{50235E2C-EC82-4DF3-97AA-E609C00F2A50} = {171B86CB-69A6-44E0-983B-E552A2A618B2}
	EndGlobalSection
	GlobalSection(ExtensibilityGlobals) = postSolution
		SolutionGuid = {E462756B-D6CB-402F-842D-2420F6ADE19E}
	EndGlobalSection
EndGlobal
